<?xml version="1.0" encoding="utf-8"?>
<Project ToolsVersion="16.0" xmlns="http://schemas.microsoft.com/developer/msbuild/2003">
  <ItemGroup>
    <ClCompile Include="C:\Users\naskopw\source\repos\15-Puzzle\Classes\AppDelegate.cpp">
      <Filter>Source Files\Classes</Filter>
    </ClCompile>
    <ClCompile Include="C:\Users\naskopw\source\repos\15-Puzzle\proj.win32\main.cpp">
      <Filter>Source Files\proj.win32</Filter>
    </ClCompile>
    <ClCompile Include="C:\Users\naskopw\source\repos\15-Puzzle\cocos2d\cocos\precheader.cpp">
      <Filter>Source Files</Filter>
    </ClCompile>
    <ClCompile Include="..\Classes\SplashScreen.cpp">
      <Filter>Source Files\Classes</Filter>
    </ClCompile>
    <ClCompile Include="..\Classes\GameScene.cpp">
      <Filter>Source Files\Classes</Filter>
    </ClCompile>
    <ClCompile Include="..\Classes\MainMenuScene.cpp">
      <Filter>Source Files\Classes</Filter>
    </ClCompile>
    <ClCompile Include="..\Classes\model\Gameboard.cpp">
      <Filter>Source Files\Classes\model</Filter>
    </ClCompile>
    <ClCompile Include="..\Classes\model\PuzzlePart.cpp">
      <Filter>Source Files\Classes\model</Filter>
    </ClCompile>
    <ClCompile Include="..\Classes\PuzzlePartSprite.cpp">
      <Filter>Source Files\Classes</Filter>
    </ClCompile>
    <ClCompile Include="..\Classes\model\Game.cpp">
      <Filter>Source Files\Classes\model</Filter>
    </ClCompile>
  </ItemGroup>
  <ItemGroup>
    <ClInclude Include="C:\Users\naskopw\source\repos\15-Puzzle\Classes\AppDelegate.h">
      <Filter>Source Files\Classes</Filter>
    </ClInclude>
    <ClInclude Include="C:\Users\naskopw\source\repos\15-Puzzle\proj.win32\main.h">
      <Filter>Source Files\proj.win32</Filter>
    </ClInclude>
    <ClInclude Include="C:\Users\naskopw\source\repos\15-Puzzle\proj.win32\resource.h">
      <Filter>Source Files\proj.win32</Filter>
    </ClInclude>
    <ClInclude Include="C:\Users\naskopw\source\repos\15-Puzzle\Resources\CloseNormal.png">
      <Filter>Resources</Filter>
    </ClInclude>
    <ClInclude Include="C:\Users\naskopw\source\repos\15-Puzzle\Resources\CloseSelected.png">
      <Filter>Resources</Filter>
    </ClInclude>
    <ClInclude Include="C:\Users\naskopw\source\repos\15-Puzzle\Resources\HelloWorld.png">
      <Filter>Resources</Filter>
    </ClInclude>
    <ClInclude Include="C:\Users\naskopw\source\repos\15-Puzzle\Resources\fonts\Marker Felt.ttf">
      <Filter>Resources\fonts</Filter>
    </ClInclude>
    <ClInclude Include="C:\Users\naskopw\source\repos\15-Puzzle\Resources\fonts\arial.ttf">
      <Filter>Resources\fonts</Filter>
    </ClInclude>
    <ClInclude Include="C:\Users\naskopw\source\repos\15-Puzzle\Resources\res\.gitkeep">
      <Filter>Resources\res</Filter>
    </ClInclude>
    <ClInclude Include="..\Classes\MainMenuScene.h">
      <Filter>Source Files\Classes</Filter>
    </ClInclude>
    <ClInclude Include="..\Classes\SplashScreen.h">
      <Filter>Source Files\Classes</Filter>
    </ClInclude>
    <ClInclude Include="..\Classes\Definitions.h">
      <Filter>Source Files\Classes</Filter>
    </ClInclude>
    <ClInclude Include="..\Classes\GameScene.h">
      <Filter>Source Files\Classes</Filter>
    </ClInclude>
    <ClInclude Include="..\Classes\model\Gameboard.h">
      <Filter>Source Files\Classes\model</Filter>
    </ClInclude>
    <ClInclude Include="..\Classes\model\Position.h">
      <Filter>Source Files\Classes\model</Filter>
    </ClInclude>
    <ClInclude Include="..\Classes\model\PuzzlePart.h">
      <Filter>Source Files\Classes\model</Filter>
    </ClInclude>
    <ClInclude Include="..\Classes\PuzzlePartSprite.h">
      <Filter>Source Files\Classes</Filter>
    </ClInclude>
    <ClInclude Include="..\Classes\model\Game.h">
      <Filter>Source Files\Classes\model</Filter>
    </ClInclude>
  </ItemGroup>
  <ItemGroup>
    <CustomBuild Include="C:\Users\naskopw\source\repos\15-Puzzle\CMakeLists.txt" />
  </ItemGroup>
  <ItemGroup>
    <ResourceCompile Include="C:\Users\naskopw\source\repos\15-Puzzle\proj.win32\game.rc">
      <Filter>Source Files\proj.win32</Filter>
    </ResourceCompile>
  </ItemGroup>
  <ItemGroup>
    <Filter Include="Resources">
      <UniqueIdentifier>{C88D5BF9-12AA-35A4-A810-3389A9318AAF}</UniqueIdentifier>
    </Filter>
    <Filter Include="Resources\fonts">
      <UniqueIdentifier>{8F1C37D9-2663-3BD4-AA48-8F2AFB78A2AB}</UniqueIdentifier>
    </Filter>
    <Filter Include="Resources\res">
      <UniqueIdentifier>{5A1DEB22-C76D-3D4B-AA2B-9F6A8ABF20D2}</UniqueIdentifier>
    </Filter>
    <Filter Include="Source Files">
      <UniqueIdentifier>{BDD31CF3-DABE-328A-BDD4-B44DFF16666D}</UniqueIdentifier>
    </Filter>
    <Filter Include="Source Files\Classes">
      <UniqueIdentifier>{F2358132-37CD-36FB-8AFA-36D0EA9EFE08}</UniqueIdentifier>
    </Filter>
    <Filter Include="Source Files\proj.win32">
      <UniqueIdentifier>{B1C8F552-F220-337D-BB33-C505443A2807}</UniqueIdentifier>
    </Filter>
    <Filter Include="Source Files\Classes\model">
      <UniqueIdentifier>{81f8e12a-56ee-447d-ac16-52017fe914fd}</UniqueIdentifier>
    </Filter>
  </ItemGroup>
</Project>