
Microsoft Visual Studio Solution File, Format Version 12.00
# Visual Studio Version 16
Project("{2150E333-8FDC-42A3-9474-1A3956D46DE8}") = "CMakePredefinedTargets", "CMakePredefinedTargets", "{217154C3-4D7E-3E1D-8704-FD3B9AEBFF93}"
EndProject
Project("{2150E333-8FDC-42A3-9474-1A3956D46DE8}") = "External", "External", "{0475C12E-E672-3471-A973-972E7BF57D6B}"
EndProject
Project("{2150E333-8FDC-42A3-9474-1A3956D46DE8}") = "Internal", "Internal", "{472C76E9-16BD-3AFF-B29A-EE8585226180}"
EndProject
Project("{8BC9CEB8-8B4A-11D0-8D11-00A0C91BC942}") = "ALL_BUILD", "ALL_BUILD.vcxproj", "{65880071-E858-3405-BF77-8FD4D9DA55DF}"
	ProjectSection(ProjectDependencies) = postProject
		{AC780AE0-FAB9-3EE1-A5C7-846AF8D250C9} = {AC780AE0-FAB9-3EE1-A5C7-846AF8D250C9}
		{9610FF24-E036-3C44-A69A-71854238BD1C} = {9610FF24-E036-3C44-A69A-71854238BD1C}
		{85F7F2C8-CE40-3166-AE2C-4F8077226087} = {85F7F2C8-CE40-3166-AE2C-4F8077226087}
		{1D051676-B98A-3193-98D4-5B5E0C172E90} = {1D051676-B98A-3193-98D4-5B5E0C172E90}
		{3D9A475D-B9DD-3A85-99AD-6387C330B2B4} = {3D9A475D-B9DD-3A85-99AD-6387C330B2B4}
		{B9F759D5-DFEB-3EBF-A47F-BE8611FFFB47} = {B9F759D5-DFEB-3EBF-A47F-BE8611FFFB47}
		{5854FE7F-5413-3E1C-B021-B0B7DA276817} = {5854FE7F-5413-3E1C-B021-B0B7DA276817}
		{56BA3B03-CA2E-3976-89EA-53FEA7162E77} = {56BA3B03-CA2E-3976-89EA-53FEA7162E77}
		{EF12F39C-4190-3D56-9FC8-D3EC06771B1D} = {EF12F39C-4190-3D56-9FC8-D3EC06771B1D}
		{F4EC7F2B-00B0-3FB1-A144-CEED78656095} = {F4EC7F2B-00B0-3FB1-A144-CEED78656095}
		{A44291BE-D2DA-34E4-9E6B-5C8143F0AABD} = {A44291BE-D2DA-34E4-9E6B-5C8143F0AABD}
		{989ABDF0-2C3E-3C52-9AA3-F04BF568911F} = {989ABDF0-2C3E-3C52-9AA3-F04BF568911F}
		{8304C26B-AB8D-3A61-98A0-E63FC0650F7B} = {8304C26B-AB8D-3A61-98A0-E63FC0650F7B}
	EndProjectSection
EndProject
Project("{8BC9CEB8-8B4A-11D0-8D11-00A0C91BC942}") = "ZERO_CHECK", "..\..\..\\ZERO_CHECK.vcxproj", "{AC780AE0-FAB9-3EE1-A5C7-846AF8D250C9}"
	ProjectSection(ProjectDependencies) = postProject
	EndProjectSection
EndProject
Project("{8BC9CEB8-8B4A-11D0-8D11-00A0C91BC942}") = "cocos2d", "cocos2d.vcxproj", "{9610FF24-E036-3C44-A69A-71854238BD1C}"
	ProjectSection(ProjectDependencies) = postProject
		{AC780AE0-FAB9-3EE1-A5C7-846AF8D250C9} = {AC780AE0-FAB9-3EE1-A5C7-846AF8D250C9}
		{85F7F2C8-CE40-3166-AE2C-4F8077226087} = {85F7F2C8-CE40-3166-AE2C-4F8077226087}
		{1D051676-B98A-3193-98D4-5B5E0C172E90} = {1D051676-B98A-3193-98D4-5B5E0C172E90}
		{3D9A475D-B9DD-3A85-99AD-6387C330B2B4} = {3D9A475D-B9DD-3A85-99AD-6387C330B2B4}
		{B9F759D5-DFEB-3EBF-A47F-BE8611FFFB47} = {B9F759D5-DFEB-3EBF-A47F-BE8611FFFB47}
		{5854FE7F-5413-3E1C-B021-B0B7DA276817} = {5854FE7F-5413-3E1C-B021-B0B7DA276817}
		{56BA3B03-CA2E-3976-89EA-53FEA7162E77} = {56BA3B03-CA2E-3976-89EA-53FEA7162E77}
		{EF12F39C-4190-3D56-9FC8-D3EC06771B1D} = {EF12F39C-4190-3D56-9FC8-D3EC06771B1D}
		{F4EC7F2B-00B0-3FB1-A144-CEED78656095} = {F4EC7F2B-00B0-3FB1-A144-CEED78656095}
		{A44291BE-D2DA-34E4-9E6B-5C8143F0AABD} = {A44291BE-D2DA-34E4-9E6B-5C8143F0AABD}
		{989ABDF0-2C3E-3C52-9AA3-F04BF568911F} = {989ABDF0-2C3E-3C52-9AA3-F04BF568911F}
		{8304C26B-AB8D-3A61-98A0-E63FC0650F7B} = {8304C26B-AB8D-3A61-98A0-E63FC0650F7B}
	EndProjectSection
EndProject
Project("{8BC9CEB8-8B4A-11D0-8D11-00A0C91BC942}") = "ext_clipper", "..\..\external\clipper\ext_clipper.vcxproj", "{85F7F2C8-CE40-3166-AE2C-4F8077226087}"
	ProjectSection(ProjectDependencies) = postProject
		{AC780AE0-FAB9-3EE1-A5C7-846AF8D250C9} = {AC780AE0-FAB9-3EE1-A5C7-846AF8D250C9}
	EndProjectSection
EndProject
Project("{8BC9CEB8-8B4A-11D0-8D11-00A0C91BC942}") = "ext_convertUTF", "..\..\external\ConvertUTF\ext_convertUTF.vcxproj", "{1D051676-B98A-3193-98D4-5B5E0C172E90}"
	ProjectSection(ProjectDependencies) = postProject
		{AC780AE0-FAB9-3EE1-A5C7-846AF8D250C9} = {AC780AE0-FAB9-3EE1-A5C7-846AF8D250C9}
	EndProjectSection
EndProject
Project("{8BC9CEB8-8B4A-11D0-8D11-00A0C91BC942}") = "ext_edtaa3func", "..\..\external\edtaa3func\ext_edtaa3func.vcxproj", "{3D9A475D-B9DD-3A85-99AD-6387C330B2B4}"
	ProjectSection(ProjectDependencies) = postProject
		{AC780AE0-FAB9-3EE1-A5C7-846AF8D250C9} = {AC780AE0-FAB9-3EE1-A5C7-846AF8D250C9}
	EndProjectSection
EndProject
Project("{8BC9CEB8-8B4A-11D0-8D11-00A0C91BC942}") = "ext_md5", "..\..\external\md5\ext_md5.vcxproj", "{B9F759D5-DFEB-3EBF-A47F-BE8611FFFB47}"
	ProjectSection(ProjectDependencies) = postProject
		{AC780AE0-FAB9-3EE1-A5C7-846AF8D250C9} = {AC780AE0-FAB9-3EE1-A5C7-846AF8D250C9}
	EndProjectSection
EndProject
Project("{8BC9CEB8-8B4A-11D0-8D11-00A0C91BC942}") = "ext_poly2tri", "..\..\external\poly2tri\ext_poly2tri.vcxproj", "{5854FE7F-5413-3E1C-B021-B0B7DA276817}"
	ProjectSection(ProjectDependencies) = postProject
		{AC780AE0-FAB9-3EE1-A5C7-846AF8D250C9} = {AC780AE0-FAB9-3EE1-A5C7-846AF8D250C9}
	EndProjectSection
EndProject
Project("{8BC9CEB8-8B4A-11D0-8D11-00A0C91BC942}") = "ext_recast", "..\..\external\recast\ext_recast.vcxproj", "{56BA3B03-CA2E-3976-89EA-53FEA7162E77}"
	ProjectSection(ProjectDependencies) = postProject
		{AC780AE0-FAB9-3EE1-A5C7-846AF8D250C9} = {AC780AE0-FAB9-3EE1-A5C7-846AF8D250C9}
	EndProjectSection
EndProject
Project("{8BC9CEB8-8B4A-11D0-8D11-00A0C91BC942}") = "ext_tinyxml2", "..\..\external\tinyxml2\ext_tinyxml2.vcxproj", "{EF12F39C-4190-3D56-9FC8-D3EC06771B1D}"
	ProjectSection(ProjectDependencies) = postProject
		{AC780AE0-FAB9-3EE1-A5C7-846AF8D250C9} = {AC780AE0-FAB9-3EE1-A5C7-846AF8D250C9}
	EndProjectSection
EndProject
Project("{8BC9CEB8-8B4A-11D0-8D11-00A0C91BC942}") = "ext_unzip", "..\..\external\unzip\ext_unzip.vcxproj", "{F4EC7F2B-00B0-3FB1-A144-CEED78656095}"
	ProjectSection(ProjectDependencies) = postProject
		{AC780AE0-FAB9-3EE1-A5C7-846AF8D250C9} = {AC780AE0-FAB9-3EE1-A5C7-846AF8D250C9}
	EndProjectSection
EndProject
Project("{8BC9CEB8-8B4A-11D0-8D11-00A0C91BC942}") = "ext_xxhash", "..\..\external\xxhash\ext_xxhash.vcxproj", "{A44291BE-D2DA-34E4-9E6B-5C8143F0AABD}"
	ProjectSection(ProjectDependencies) = postProject
		{AC780AE0-FAB9-3EE1-A5C7-846AF8D250C9} = {AC780AE0-FAB9-3EE1-A5C7-846AF8D250C9}
	EndProjectSection
EndProject
Project("{8BC9CEB8-8B4A-11D0-8D11-00A0C91BC942}") = "ext_xxtea", "..\..\external\xxtea\ext_xxtea.vcxproj", "{989ABDF0-2C3E-3C52-9AA3-F04BF568911F}"
	ProjectSection(ProjectDependencies) = postProject
		{AC780AE0-FAB9-3EE1-A5C7-846AF8D250C9} = {AC780AE0-FAB9-3EE1-A5C7-846AF8D250C9}
	EndProjectSection
EndProject
Project("{8BC9CEB8-8B4A-11D0-8D11-00A0C91BC942}") = "external", "..\..\external\external.vcxproj", "{8304C26B-AB8D-3A61-98A0-E63FC0650F7B}"
	ProjectSection(ProjectDependencies) = postProject
		{AC780AE0-FAB9-3EE1-A5C7-846AF8D250C9} = {AC780AE0-FAB9-3EE1-A5C7-846AF8D250C9}
		{85F7F2C8-CE40-3166-AE2C-4F8077226087} = {85F7F2C8-CE40-3166-AE2C-4F8077226087}
		{1D051676-B98A-3193-98D4-5B5E0C172E90} = {1D051676-B98A-3193-98D4-5B5E0C172E90}
		{3D9A475D-B9DD-3A85-99AD-6387C330B2B4} = {3D9A475D-B9DD-3A85-99AD-6387C330B2B4}
		{B9F759D5-DFEB-3EBF-A47F-BE8611FFFB47} = {B9F759D5-DFEB-3EBF-A47F-BE8611FFFB47}
		{5854FE7F-5413-3E1C-B021-B0B7DA276817} = {5854FE7F-5413-3E1C-B021-B0B7DA276817}
		{56BA3B03-CA2E-3976-89EA-53FEA7162E77} = {56BA3B03-CA2E-3976-89EA-53FEA7162E77}
		{EF12F39C-4190-3D56-9FC8-D3EC06771B1D} = {EF12F39C-4190-3D56-9FC8-D3EC06771B1D}
		{F4EC7F2B-00B0-3FB1-A144-CEED78656095} = {F4EC7F2B-00B0-3FB1-A144-CEED78656095}
		{A44291BE-D2DA-34E4-9E6B-5C8143F0AABD} = {A44291BE-D2DA-34E4-9E6B-5C8143F0AABD}
		{989ABDF0-2C3E-3C52-9AA3-F04BF568911F} = {989ABDF0-2C3E-3C52-9AA3-F04BF568911F}
	EndProjectSection
EndProject
Global
	GlobalSection(SolutionConfigurationPlatforms) = preSolution
		Debug|Win32 = Debug|Win32
		Release|Win32 = Release|Win32
		MinSizeRel|Win32 = MinSizeRel|Win32
		RelWithDebInfo|Win32 = RelWithDebInfo|Win32
	EndGlobalSection
	GlobalSection(ProjectConfigurationPlatforms) = postSolution
		{65880071-E858-3405-BF77-8FD4D9DA55DF}.Debug|Win32.ActiveCfg = Debug|Win32
		{65880071-E858-3405-BF77-8FD4D9DA55DF}.Release|Win32.ActiveCfg = Release|Win32
		{65880071-E858-3405-BF77-8FD4D9DA55DF}.MinSizeRel|Win32.ActiveCfg = MinSizeRel|Win32
		{65880071-E858-3405-BF77-8FD4D9DA55DF}.RelWithDebInfo|Win32.ActiveCfg = RelWithDebInfo|Win32
		{AC780AE0-FAB9-3EE1-A5C7-846AF8D250C9}.Debug|Win32.ActiveCfg = Debug|Win32
		{AC780AE0-FAB9-3EE1-A5C7-846AF8D250C9}.Debug|Win32.Build.0 = Debug|Win32
		{AC780AE0-FAB9-3EE1-A5C7-846AF8D250C9}.Release|Win32.ActiveCfg = Release|Win32
		{AC780AE0-FAB9-3EE1-A5C7-846AF8D250C9}.Release|Win32.Build.0 = Release|Win32
		{AC780AE0-FAB9-3EE1-A5C7-846AF8D250C9}.MinSizeRel|Win32.ActiveCfg = MinSizeRel|Win32
		{AC780AE0-FAB9-3EE1-A5C7-846AF8D250C9}.MinSizeRel|Win32.Build.0 = MinSizeRel|Win32
		{AC780AE0-FAB9-3EE1-A5C7-846AF8D250C9}.RelWithDebInfo|Win32.ActiveCfg = RelWithDebInfo|Win32
		{AC780AE0-FAB9-3EE1-A5C7-846AF8D250C9}.RelWithDebInfo|Win32.Build.0 = RelWithDebInfo|Win32
		{9610FF24-E036-3C44-A69A-71854238BD1C}.Debug|Win32.ActiveCfg = Debug|Win32
		{9610FF24-E036-3C44-A69A-71854238BD1C}.Debug|Win32.Build.0 = Debug|Win32
		{9610FF24-E036-3C44-A69A-71854238BD1C}.Release|Win32.ActiveCfg = Release|Win32
		{9610FF24-E036-3C44-A69A-71854238BD1C}.Release|Win32.Build.0 = Release|Win32
		{9610FF24-E036-3C44-A69A-71854238BD1C}.MinSizeRel|Win32.ActiveCfg = MinSizeRel|Win32
		{9610FF24-E036-3C44-A69A-71854238BD1C}.MinSizeRel|Win32.Build.0 = MinSizeRel|Win32
		{9610FF24-E036-3C44-A69A-71854238BD1C}.RelWithDebInfo|Win32.ActiveCfg = RelWithDebInfo|Win32
		{9610FF24-E036-3C44-A69A-71854238BD1C}.RelWithDebInfo|Win32.Build.0 = RelWithDebInfo|Win32
		{85F7F2C8-CE40-3166-AE2C-4F8077226087}.Debug|Win32.ActiveCfg = Debug|Win32
		{85F7F2C8-CE40-3166-AE2C-4F8077226087}.Debug|Win32.Build.0 = Debug|Win32
		{85F7F2C8-CE40-3166-AE2C-4F8077226087}.Release|Win32.ActiveCfg = Release|Win32
		{85F7F2C8-CE40-3166-AE2C-4F8077226087}.Release|Win32.Build.0 = Release|Win32
		{85F7F2C8-CE40-3166-AE2C-4F8077226087}.MinSizeRel|Win32.ActiveCfg = MinSizeRel|Win32
		{85F7F2C8-CE40-3166-AE2C-4F8077226087}.MinSizeRel|Win32.Build.0 = MinSizeRel|Win32
		{85F7F2C8-CE40-3166-AE2C-4F8077226087}.RelWithDebInfo|Win32.ActiveCfg = RelWithDebInfo|Win32
		{85F7F2C8-CE40-3166-AE2C-4F8077226087}.RelWithDebInfo|Win32.Build.0 = RelWithDebInfo|Win32
		{1D051676-B98A-3193-98D4-5B5E0C172E90}.Debug|Win32.ActiveCfg = Debug|Win32
		{1D051676-B98A-3193-98D4-5B5E0C172E90}.Debug|Win32.Build.0 = Debug|Win32
		{1D051676-B98A-3193-98D4-5B5E0C172E90}.Release|Win32.ActiveCfg = Release|Win32
		{1D051676-B98A-3193-98D4-5B5E0C172E90}.Release|Win32.Build.0 = Release|Win32
		{1D051676-B98A-3193-98D4-5B5E0C172E90}.MinSizeRel|Win32.ActiveCfg = MinSizeRel|Win32
		{1D051676-B98A-3193-98D4-5B5E0C172E90}.MinSizeRel|Win32.Build.0 = MinSizeRel|Win32
		{1D051676-B98A-3193-98D4-5B5E0C172E90}.RelWithDebInfo|Win32.ActiveCfg = RelWithDebInfo|Win32
		{1D051676-B98A-3193-98D4-5B5E0C172E90}.RelWithDebInfo|Win32.Build.0 = RelWithDebInfo|Win32
		{3D9A475D-B9DD-3A85-99AD-6387C330B2B4}.Debug|Win32.ActiveCfg = Debug|Win32
		{3D9A475D-B9DD-3A85-99AD-6387C330B2B4}.Debug|Win32.Build.0 = Debug|Win32
		{3D9A475D-B9DD-3A85-99AD-6387C330B2B4}.Release|Win32.ActiveCfg = Release|Win32
		{3D9A475D-B9DD-3A85-99AD-6387C330B2B4}.Release|Win32.Build.0 = Release|Win32
		{3D9A475D-B9DD-3A85-99AD-6387C330B2B4}.MinSizeRel|Win32.ActiveCfg = MinSizeRel|Win32
		{3D9A475D-B9DD-3A85-99AD-6387C330B2B4}.MinSizeRel|Win32.Build.0 = MinSizeRel|Win32
		{3D9A475D-B9DD-3A85-99AD-6387C330B2B4}.RelWithDebInfo|Win32.ActiveCfg = RelWithDebInfo|Win32
		{3D9A475D-B9DD-3A85-99AD-6387C330B2B4}.RelWithDebInfo|Win32.Build.0 = RelWithDebInfo|Win32
		{B9F759D5-DFEB-3EBF-A47F-BE8611FFFB47}.Debug|Win32.ActiveCfg = Debug|Win32
		{B9F759D5-DFEB-3EBF-A47F-BE8611FFFB47}.Debug|Win32.Build.0 = Debug|Win32
		{B9F759D5-DFEB-3EBF-A47F-BE8611FFFB47}.Release|Win32.ActiveCfg = Release|Win32
		{B9F759D5-DFEB-3EBF-A47F-BE8611FFFB47}.Release|Win32.Build.0 = Release|Win32
		{B9F759D5-DFEB-3EBF-A47F-BE8611FFFB47}.MinSizeRel|Win32.ActiveCfg = MinSizeRel|Win32
		{B9F759D5-DFEB-3EBF-A47F-BE8611FFFB47}.MinSizeRel|Win32.Build.0 = MinSizeRel|Win32
		{B9F759D5-DFEB-3EBF-A47F-BE8611FFFB47}.RelWithDebInfo|Win32.ActiveCfg = RelWithDebInfo|Win32
		{B9F759D5-DFEB-3EBF-A47F-BE8611FFFB47}.RelWithDebInfo|Win32.Build.0 = RelWithDebInfo|Win32
		{5854FE7F-5413-3E1C-B021-B0B7DA276817}.Debug|Win32.ActiveCfg = Debug|Win32
		{5854FE7F-5413-3E1C-B021-B0B7DA276817}.Debug|Win32.Build.0 = Debug|Win32
		{5854FE7F-5413-3E1C-B021-B0B7DA276817}.Release|Win32.ActiveCfg = Release|Win32
		{5854FE7F-5413-3E1C-B021-B0B7DA276817}.Release|Win32.Build.0 = Release|Win32
		{5854FE7F-5413-3E1C-B021-B0B7DA276817}.MinSizeRel|Win32.ActiveCfg = MinSizeRel|Win32
		{5854FE7F-5413-3E1C-B021-B0B7DA276817}.MinSizeRel|Win32.Build.0 = MinSizeRel|Win32
		{5854FE7F-5413-3E1C-B021-B0B7DA276817}.RelWithDebInfo|Win32.ActiveCfg = RelWithDebInfo|Win32
		{5854FE7F-5413-3E1C-B021-B0B7DA276817}.RelWithDebInfo|Win32.Build.0 = RelWithDebInfo|Win32
		{56BA3B03-CA2E-3976-89EA-53FEA7162E77}.Debug|Win32.ActiveCfg = Debug|Win32
		{56BA3B03-CA2E-3976-89EA-53FEA7162E77}.Debug|Win32.Build.0 = Debug|Win32
		{56BA3B03-CA2E-3976-89EA-53FEA7162E77}.Release|Win32.ActiveCfg = Release|Win32
		{56BA3B03-CA2E-3976-89EA-53FEA7162E77}.Release|Win32.Build.0 = Release|Win32
		{56BA3B03-CA2E-3976-89EA-53FEA7162E77}.MinSizeRel|Win32.ActiveCfg = MinSizeRel|Win32
		{56BA3B03-CA2E-3976-89EA-53FEA7162E77}.MinSizeRel|Win32.Build.0 = MinSizeRel|Win32
		{56BA3B03-CA2E-3976-89EA-53FEA7162E77}.RelWithDebInfo|Win32.ActiveCfg = RelWithDebInfo|Win32
		{56BA3B03-CA2E-3976-89EA-53FEA7162E77}.RelWithDebInfo|Win32.Build.0 = RelWithDebInfo|Win32
		{EF12F39C-4190-3D56-9FC8-D3EC06771B1D}.Debug|Win32.ActiveCfg = Debug|Win32
		{EF12F39C-4190-3D56-9FC8-D3EC06771B1D}.Debug|Win32.Build.0 = Debug|Win32
		{EF12F39C-4190-3D56-9FC8-D3EC06771B1D}.Release|Win32.ActiveCfg = Release|Win32
		{EF12F39C-4190-3D56-9FC8-D3EC06771B1D}.Release|Win32.Build.0 = Release|Win32
		{EF12F39C-4190-3D56-9FC8-D3EC06771B1D}.MinSizeRel|Win32.ActiveCfg = MinSizeRel|Win32
		{EF12F39C-4190-3D56-9FC8-D3EC06771B1D}.MinSizeRel|Win32.Build.0 = MinSizeRel|Win32
		{EF12F39C-4190-3D56-9FC8-D3EC06771B1D}.RelWithDebInfo|Win32.ActiveCfg = RelWithDebInfo|Win32
		{EF12F39C-4190-3D56-9FC8-D3EC06771B1D}.RelWithDebInfo|Win32.Build.0 = RelWithDebInfo|Win32
		{F4EC7F2B-00B0-3FB1-A144-CEED78656095}.Debug|Win32.ActiveCfg = Debug|Win32
		{F4EC7F2B-00B0-3FB1-A144-CEED78656095}.Debug|Win32.Build.0 = Debug|Win32
		{F4EC7F2B-00B0-3FB1-A144-CEED78656095}.Release|Win32.ActiveCfg = Release|Win32
		{F4EC7F2B-00B0-3FB1-A144-CEED78656095}.Release|Win32.Build.0 = Release|Win32
		{F4EC7F2B-00B0-3FB1-A144-CEED78656095}.MinSizeRel|Win32.ActiveCfg = MinSizeRel|Win32
		{F4EC7F2B-00B0-3FB1-A144-CEED78656095}.MinSizeRel|Win32.Build.0 = MinSizeRel|Win32
		{F4EC7F2B-00B0-3FB1-A144-CEED78656095}.RelWithDebInfo|Win32.ActiveCfg = RelWithDebInfo|Win32
		{F4EC7F2B-00B0-3FB1-A144-CEED78656095}.RelWithDebInfo|Win32.Build.0 = RelWithDebInfo|Win32
		{A44291BE-D2DA-34E4-9E6B-5C8143F0AABD}.Debug|Win32.ActiveCfg = Debug|Win32
		{A44291BE-D2DA-34E4-9E6B-5C8143F0AABD}.Debug|Win32.Build.0 = Debug|Win32
		{A44291BE-D2DA-34E4-9E6B-5C8143F0AABD}.Release|Win32.ActiveCfg = Release|Win32
		{A44291BE-D2DA-34E4-9E6B-5C8143F0AABD}.Release|Win32.Build.0 = Release|Win32
		{A44291BE-D2DA-34E4-9E6B-5C8143F0AABD}.MinSizeRel|Win32.ActiveCfg = MinSizeRel|Win32
		{A44291BE-D2DA-34E4-9E6B-5C8143F0AABD}.MinSizeRel|Win32.Build.0 = MinSizeRel|Win32
		{A44291BE-D2DA-34E4-9E6B-5C8143F0AABD}.RelWithDebInfo|Win32.ActiveCfg = RelWithDebInfo|Win32
		{A44291BE-D2DA-34E4-9E6B-5C8143F0AABD}.RelWithDebInfo|Win32.Build.0 = RelWithDebInfo|Win32
		{989ABDF0-2C3E-3C52-9AA3-F04BF568911F}.Debug|Win32.ActiveCfg = Debug|Win32
		{989ABDF0-2C3E-3C52-9AA3-F04BF568911F}.Debug|Win32.Build.0 = Debug|Win32
		{989ABDF0-2C3E-3C52-9AA3-F04BF568911F}.Release|Win32.ActiveCfg = Release|Win32
		{989ABDF0-2C3E-3C52-9AA3-F04BF568911F}.Release|Win32.Build.0 = Release|Win32
		{989ABDF0-2C3E-3C52-9AA3-F04BF568911F}.MinSizeRel|Win32.ActiveCfg = MinSizeRel|Win32
		{989ABDF0-2C3E-3C52-9AA3-F04BF568911F}.MinSizeRel|Win32.Build.0 = MinSizeRel|Win32
		{989ABDF0-2C3E-3C52-9AA3-F04BF568911F}.RelWithDebInfo|Win32.ActiveCfg = RelWithDebInfo|Win32
		{989ABDF0-2C3E-3C52-9AA3-F04BF568911F}.RelWithDebInfo|Win32.Build.0 = RelWithDebInfo|Win32
		{8304C26B-AB8D-3A61-98A0-E63FC0650F7B}.Debug|Win32.ActiveCfg = Debug|Win32
		{8304C26B-AB8D-3A61-98A0-E63FC0650F7B}.Debug|Win32.Build.0 = Debug|Win32
		{8304C26B-AB8D-3A61-98A0-E63FC0650F7B}.Release|Win32.ActiveCfg = Release|Win32
		{8304C26B-AB8D-3A61-98A0-E63FC0650F7B}.Release|Win32.Build.0 = Release|Win32
		{8304C26B-AB8D-3A61-98A0-E63FC0650F7B}.MinSizeRel|Win32.ActiveCfg = MinSizeRel|Win32
		{8304C26B-AB8D-3A61-98A0-E63FC0650F7B}.MinSizeRel|Win32.Build.0 = MinSizeRel|Win32
		{8304C26B-AB8D-3A61-98A0-E63FC0650F7B}.RelWithDebInfo|Win32.ActiveCfg = RelWithDebInfo|Win32
		{8304C26B-AB8D-3A61-98A0-E63FC0650F7B}.RelWithDebInfo|Win32.Build.0 = RelWithDebInfo|Win32
	EndGlobalSection
	GlobalSection(NestedProjects) = preSolution
		{65880071-E858-3405-BF77-8FD4D9DA55DF} = {217154C3-4D7E-3E1D-8704-FD3B9AEBFF93}
		{AC780AE0-FAB9-3EE1-A5C7-846AF8D250C9} = {217154C3-4D7E-3E1D-8704-FD3B9AEBFF93}
		{85F7F2C8-CE40-3166-AE2C-4F8077226087} = {0475C12E-E672-3471-A973-972E7BF57D6B}
		{1D051676-B98A-3193-98D4-5B5E0C172E90} = {0475C12E-E672-3471-A973-972E7BF57D6B}
		{3D9A475D-B9DD-3A85-99AD-6387C330B2B4} = {0475C12E-E672-3471-A973-972E7BF57D6B}
		{B9F759D5-DFEB-3EBF-A47F-BE8611FFFB47} = {0475C12E-E672-3471-A973-972E7BF57D6B}
		{5854FE7F-5413-3E1C-B021-B0B7DA276817} = {0475C12E-E672-3471-A973-972E7BF57D6B}
		{56BA3B03-CA2E-3976-89EA-53FEA7162E77} = {0475C12E-E672-3471-A973-972E7BF57D6B}
		{EF12F39C-4190-3D56-9FC8-D3EC06771B1D} = {0475C12E-E672-3471-A973-972E7BF57D6B}
		{F4EC7F2B-00B0-3FB1-A144-CEED78656095} = {0475C12E-E672-3471-A973-972E7BF57D6B}
		{A44291BE-D2DA-34E4-9E6B-5C8143F0AABD} = {0475C12E-E672-3471-A973-972E7BF57D6B}
		{989ABDF0-2C3E-3C52-9AA3-F04BF568911F} = {0475C12E-E672-3471-A973-972E7BF57D6B}
		{8304C26B-AB8D-3A61-98A0-E63FC0650F7B} = {0475C12E-E672-3471-A973-972E7BF57D6B}
		{9610FF24-E036-3C44-A69A-71854238BD1C} = {472C76E9-16BD-3AFF-B29A-EE8585226180}
	EndGlobalSection
	GlobalSection(ExtensibilityGlobals) = postSolution
		SolutionGuid = {6E2E4637-B493-3937-B1EE-7DF505808FE9}
	EndGlobalSection
	GlobalSection(ExtensibilityAddIns) = postSolution
	EndGlobalSection
EndGlobal
